PODS:
  - Firebase/CoreOnly (7.2.0):
    - FirebaseCore (= 7.2.0)
  - Firebase/Messaging (7.2.0):
    - Firebase/CoreOnly
    - FirebaseMessaging (~> 7.2.0)
  - FirebaseCore (7.2.0):
    - FirebaseCoreDiagnostics (~> 7.0)
    - GoogleUtilities/Environment (~> 7.0)
    - GoogleUtilities/Logger (~> 7.0)
  - FirebaseCoreDiagnostics (7.2.0):
    - GoogleDataTransport (~> 8.0)
    - GoogleUtilities/Environment (~> 7.0)
    - GoogleUtilities/Logger (~> 7.0)
    - nanopb (~> 2.30906.0)
  - FirebaseInstallations (7.2.0):
    - FirebaseCore (~> 7.0)
    - GoogleUtilities/Environment (~> 7.0)
    - GoogleUtilities/UserDefaults (~> 7.0)
    - PromisesObjC (~> 1.2)
  - FirebaseInstanceID (7.11.0):
    - FirebaseCore (~> 7.0)
    - FirebaseInstallations (~> 7.0)
    - GoogleUtilities/Environment (~> 7.0)
    - GoogleUtilities/UserDefaults (~> 7.0)
  - FirebaseMessaging (7.2.0):
    - FirebaseCore (~> 7.0)
    - FirebaseInstanceID (~> 7.0)
    - GoogleUtilities/AppDelegateSwizzler (~> 7.0)
    - GoogleUtilities/Environment (~> 7.0)
    - GoogleUtilities/Reachability (~> 7.0)
    - GoogleUtilities/UserDefaults (~> 7.0)
  - GoogleDataTransport (8.0.1):
    - nanopb (~> 2.30906.0)
  - GoogleUtilities/AppDelegateSwizzler (7.1.1):
    - GoogleUtilities/Environment
    - GoogleUtilities/Logger
    - GoogleUtilities/Network
  - GoogleUtilities/Environment (7.1.1):
    - PromisesObjC (~> 1.2)
  - GoogleUtilities/Logger (7.1.1):
    - GoogleUtilities/Environment
  - GoogleUtilities/Network (7.1.1):
    - GoogleUtilities/Logger
    - "GoogleUtilities/NSData+zlib"
    - GoogleUtilities/Reachability
  - "GoogleUtilities/NSData+zlib (7.1.1)"
  - GoogleUtilities/Reachability (7.1.1):
    - GoogleUtilities/Logger
  - GoogleUtilities/UserDefaults (7.1.1):
    - GoogleUtilities/Logger
  - Introspect (0.1.3)
  - nanopb (2.30906.0):
    - nanopb/decode (= 2.30906.0)
    - nanopb/encode (= 2.30906.0)
  - nanopb/decode (2.30906.0)
  - nanopb/encode (2.30906.0)
  - PromisesObjC (1.2.11)

DEPENDENCIES:
  - Firebase/Messaging
  - Introspect

SPEC REPOS:
  trunk:
    - Firebase
    - FirebaseCore
    - FirebaseCoreDiagnostics
    - FirebaseInstallations
    - FirebaseInstanceID
    - FirebaseMessaging
    - GoogleDataTransport
    - GoogleUtilities
    - Introspect
    - nanopb
    - PromisesObjC

SPEC CHECKSUMS:
  Firebase: 456eeacc158d8c58586b7871619a81bb9f27d4ae
  FirebaseCore: c959e8a598f83125c01c1700d9161b236ab3833c
  FirebaseCoreDiagnostics: 2d508e12e77e9691ca67d1669b91ee80f0985b29
  FirebaseInstallations: 9ab3a9a6522e687f59ff9bcfd92949ac85073f3c
  FirebaseInstanceID: ad5135045a498d7775903efd39762d2cdfa1be27
  FirebaseMessaging: 7091222bfac24ca89c569c3c59e58390311e487f
  GoogleDataTransport: e4085e6762f36a6141738f46b0153473ce57fb18
  GoogleUtilities: 3dc4ff0d5e4840e2fa8eef0889620e8c33d4218c
  Introspect: 2be020f30f084ada52bb4387fff83fa52c5c400e
  nanopb: 1bf24dd71191072e120b83dd02d08f3da0d65e53
  PromisesObjC: 8c196f5a328c2cba3e74624585467a557dcb482f

PODFILE CHECKSUM: 01ead986e29f3f3673c6319672637f0c5dfce4d0

COCOAPODS: 1.10.0
