// !$*UTF8*$!
{
	archiveVersion = 1;
	classes = {
	};
	objectVersion = 52;
	objects = {

/* Begin PBXBuildFile section */
		CE0E6D0F2634B775004B9A59 /* AddTokenView.swift in Sources */ = {isa = PBXBuildFile; fileRef = CE0E6D0E2634B775004B9A59 /* AddTokenView.swift */; };
		CE4E1CB3262AA71900743F61 /* Watchlist.swift in Sources */ = {isa = PBXBuildFile; fileRef = CE4E1CB2262AA71900743F61 /* Watchlist.swift */; };
		CE7028442636504E00E10784 /* PullToRefresh.swift in Sources */ = {isa = PBXBuildFile; fileRef = CE7028432636504E00E10784 /* PullToRefresh.swift */; };
		CE70284726365DD800E10784 /* UserDefaultsStore.swift in Sources */ = {isa = PBXBuildFile; fileRef = CE70284626365DD800E10784 /* UserDefaultsStore.swift */; };
		CE70284A263671EC00E10784 /* ItemAddedView.swift in Sources */ = {isa = PBXBuildFile; fileRef = CE702849263671EC00E10784 /* ItemAddedView.swift */; };
		CE70284E26367D9100E10784 /* HUDProgressView.swift in Sources */ = {isa = PBXBuildFile; fileRef = CE70284D26367D9100E10784 /* HUDProgressView.swift */; };
		CE702851263683E800E10784 /* BlurView.swift in Sources */ = {isa = PBXBuildFile; fileRef = CE702850263683E800E10784 /* BlurView.swift */; };
		CE7028542636A2DF00E10784 /* CoinManager.swift in Sources */ = {isa = PBXBuildFile; fileRef = CE7028532636A2DF00E10784 /* CoinManager.swift */; };
		CE773AE0263EDD5100F2DF42 /* FirebaseFirestore in Frameworks */ = {isa = PBXBuildFile; productRef = CE773ADF263EDD5100F2DF42 /* FirebaseFirestore */; };
		CE773AE2263EDD5100F2DF42 /* FirebaseMessaging in Frameworks */ = {isa = PBXBuildFile; productRef = CE773AE1263EDD5100F2DF42 /* FirebaseMessaging */; };
		CE773AE926412D5800F2DF42 /* PriceAlert.swift in Sources */ = {isa = PBXBuildFile; fileRef = CE773AE826412D5800F2DF42 /* PriceAlert.swift */; };
		CE773AEE2642A0D500F2DF42 /* AlertOption.swift in Sources */ = {isa = PBXBuildFile; fileRef = CE773AED2642A0D500F2DF42 /* AlertOption.swift */; };
		CE8102E7263BD0C00012E991 /* GoogleService-Info.plist in Resources */ = {isa = PBXBuildFile; fileRef = CE8102E6263BD0C00012E991 /* GoogleService-Info.plist */; };
		CE8102EF263CF8690012E991 /* PriceAlertItem.swift in Sources */ = {isa = PBXBuildFile; fileRef = CE8102EE263CF8690012E991 /* PriceAlertItem.swift */; };
		CE8102F2263CF8CE0012E991 /* PriceAlertView.swift in Sources */ = {isa = PBXBuildFile; fileRef = CE8102F1263CF8CE0012E991 /* PriceAlertView.swift */; };
		CE8102F7263D00670012E991 /* TabBarView.swift in Sources */ = {isa = PBXBuildFile; fileRef = CE8102F6263D00670012E991 /* TabBarView.swift */; };
		CE964453264304DA004F3F3B /* BackgroundDismissButton.swift in Sources */ = {isa = PBXBuildFile; fileRef = CE964452264304DA004F3F3B /* BackgroundDismissButton.swift */; };
		CEA41681263298800095EB37 /* CoinRow.swift in Sources */ = {isa = PBXBuildFile; fileRef = CEA41680263298800095EB37 /* CoinRow.swift */; };
		CEA416852632C7EB0095EB37 /* Coin.swift in Sources */ = {isa = PBXBuildFile; fileRef = CEA416842632C7EB0095EB37 /* Coin.swift */; };
		CEA416882632CE270095EB37 /* CoinViewModel.swift in Sources */ = {isa = PBXBuildFile; fileRef = CEA416872632CE270095EB37 /* CoinViewModel.swift */; };
		CEC5A05F262A95700025C74B /* AppDelegate.swift in Sources */ = {isa = PBXBuildFile; fileRef = CEC5A05E262A95700025C74B /* AppDelegate.swift */; };
		CEC5A061262A95700025C74B /* SceneDelegate.swift in Sources */ = {isa = PBXBuildFile; fileRef = CEC5A060262A95700025C74B /* SceneDelegate.swift */; };
		CEC5A063262A95700025C74B /* Colors.swift in Sources */ = {isa = PBXBuildFile; fileRef = CEC5A062262A95700025C74B /* Colors.swift */; };
		CEC5A065262A95730025C74B /* Assets.xcassets in Resources */ = {isa = PBXBuildFile; fileRef = CEC5A064262A95730025C74B /* Assets.xcassets */; };
		CEC5A068262A95730025C74B /* Preview Assets.xcassets in Resources */ = {isa = PBXBuildFile; fileRef = CEC5A067262A95730025C74B /* Preview Assets.xcassets */; };
		CEC5A06B262A95730025C74B /* LaunchScreen.storyboard in Resources */ = {isa = PBXBuildFile; fileRef = CEC5A069262A95730025C74B /* LaunchScreen.storyboard */; };
		CED2A5C72643782B00000B3E /* XDismissButton.swift in Sources */ = {isa = PBXBuildFile; fileRef = CED2A5C62643782B00000B3E /* XDismissButton.swift */; };
		CED2A5CA2643798900000B3E /* PopupTitle.swift in Sources */ = {isa = PBXBuildFile; fileRef = CED2A5C92643798900000B3E /* PopupTitle.swift */; };
		CED2A5CD26437F3F00000B3E /* PopupSubmitButton.swift in Sources */ = {isa = PBXBuildFile; fileRef = CED2A5CC26437F3F00000B3E /* PopupSubmitButton.swift */; };
		CED2A5D12643838600000B3E /* AddPriceAlertView.swift in Sources */ = {isa = PBXBuildFile; fileRef = CED2A5D02643838600000B3E /* AddPriceAlertView.swift */; };
		CED2A5D52643B3A600000B3E /* AddPriceAlertViewModel.swift in Sources */ = {isa = PBXBuildFile; fileRef = CED2A5D42643B3A600000B3E /* AddPriceAlertViewModel.swift */; };
		CED2A5DB2643CE8E00000B3E /* AdaptsToKeyboard.swift in Sources */ = {isa = PBXBuildFile; fileRef = CED2A5DA2643CE8E00000B3E /* AdaptsToKeyboard.swift */; };
		CED2A5DF2643D44D00000B3E /* AlertOptionsMenuView.swift in Sources */ = {isa = PBXBuildFile; fileRef = CED2A5DE2643D44D00000B3E /* AlertOptionsMenuView.swift */; };
		CED2A5E2264557D000000B3E /* Delete.swift in Sources */ = {isa = PBXBuildFile; fileRef = CED2A5E1264557CF00000B3E /* Delete.swift */; };
		CED2A5EA26491F9400000B3E /* CoinRowMainContent.swift in Sources */ = {isa = PBXBuildFile; fileRef = CED2A5E926491F9400000B3E /* CoinRowMainContent.swift */; };
		CED2A5EF2649220900000B3E /* CoinRowSubContent.swift in Sources */ = {isa = PBXBuildFile; fileRef = CED2A5EE2649220900000B3E /* CoinRowSubContent.swift */; };
		CED2A5F22649737800000B3E /* SafariView.swift in Sources */ = {isa = PBXBuildFile; fileRef = CED2A5F12649737800000B3E /* SafariView.swift */; };
		CED2A5FE264AA5EA00000B3E /* PriceAlertViewModel.swift in Sources */ = {isa = PBXBuildFile; fileRef = CED2A5FD264AA5EA00000B3E /* PriceAlertViewModel.swift */; };
		CED2A601264B017100000B3E /* PriceAlertUserDefaultsStore.swift in Sources */ = {isa = PBXBuildFile; fileRef = CED2A600264B017100000B3E /* PriceAlertUserDefaultsStore.swift */; };
/* End PBXBuildFile section */

/* Begin PBXFileReference section */
		CE0E6D0E2634B775004B9A59 /* AddTokenView.swift */ = {isa = PBXFileReference; lastKnownFileType = sourcecode.swift; path = AddTokenView.swift; sourceTree = "<group>"; };
		CE4E1CB2262AA71900743F61 /* Watchlist.swift */ = {isa = PBXFileReference; lastKnownFileType = sourcecode.swift; path = Watchlist.swift; sourceTree = "<group>"; };
		CE7028432636504E00E10784 /* PullToRefresh.swift */ = {isa = PBXFileReference; lastKnownFileType = sourcecode.swift; path = PullToRefresh.swift; sourceTree = "<group>"; };
		CE70284626365DD800E10784 /* UserDefaultsStore.swift */ = {isa = PBXFileReference; lastKnownFileType = sourcecode.swift; path = UserDefaultsStore.swift; sourceTree = "<group>"; };
		CE702849263671EC00E10784 /* ItemAddedView.swift */ = {isa = PBXFileReference; lastKnownFileType = sourcecode.swift; path = ItemAddedView.swift; sourceTree = "<group>"; };
		CE70284D26367D9100E10784 /* HUDProgressView.swift */ = {isa = PBXFileReference; lastKnownFileType = sourcecode.swift; path = HUDProgressView.swift; sourceTree = "<group>"; };
		CE702850263683E800E10784 /* BlurView.swift */ = {isa = PBXFileReference; lastKnownFileType = sourcecode.swift; path = BlurView.swift; sourceTree = "<group>"; };
		CE7028532636A2DF00E10784 /* CoinManager.swift */ = {isa = PBXFileReference; lastKnownFileType = sourcecode.swift; path = CoinManager.swift; sourceTree = "<group>"; };
		CE773AE826412D5800F2DF42 /* PriceAlert.swift */ = {isa = PBXFileReference; lastKnownFileType = sourcecode.swift; path = PriceAlert.swift; sourceTree = "<group>"; };
		CE773AED2642A0D500F2DF42 /* AlertOption.swift */ = {isa = PBXFileReference; lastKnownFileType = sourcecode.swift; path = AlertOption.swift; sourceTree = "<group>"; };
		CE8102D7263BCD340012E991 /* Cryptogenics.entitlements */ = {isa = PBXFileReference; lastKnownFileType = text.plist.entitlements; path = Cryptogenics.entitlements; sourceTree = "<group>"; };
		CE8102E6263BD0C00012E991 /* GoogleService-Info.plist */ = {isa = PBXFileReference; fileEncoding = 4; lastKnownFileType = text.plist.xml; path = "GoogleService-Info.plist"; sourceTree = "<group>"; };
		CE8102EE263CF8690012E991 /* PriceAlertItem.swift */ = {isa = PBXFileReference; lastKnownFileType = sourcecode.swift; path = PriceAlertItem.swift; sourceTree = "<group>"; };
		CE8102F1263CF8CE0012E991 /* PriceAlertView.swift */ = {isa = PBXFileReference; lastKnownFileType = sourcecode.swift; path = PriceAlertView.swift; sourceTree = "<group>"; };
		CE8102F6263D00670012E991 /* TabBarView.swift */ = {isa = PBXFileReference; lastKnownFileType = sourcecode.swift; path = TabBarView.swift; sourceTree = "<group>"; };
		CE964452264304DA004F3F3B /* BackgroundDismissButton.swift */ = {isa = PBXFileReference; lastKnownFileType = sourcecode.swift; path = BackgroundDismissButton.swift; sourceTree = "<group>"; };
		CEA41680263298800095EB37 /* CoinRow.swift */ = {isa = PBXFileReference; lastKnownFileType = sourcecode.swift; path = CoinRow.swift; sourceTree = "<group>"; };
		CEA416842632C7EB0095EB37 /* Coin.swift */ = {isa = PBXFileReference; lastKnownFileType = sourcecode.swift; path = Coin.swift; sourceTree = "<group>"; };
		CEA416872632CE270095EB37 /* CoinViewModel.swift */ = {isa = PBXFileReference; lastKnownFileType = sourcecode.swift; path = CoinViewModel.swift; sourceTree = "<group>"; };
		CEC5A05B262A95700025C74B /* Cryptogenics.app */ = {isa = PBXFileReference; explicitFileType = wrapper.application; includeInIndex = 0; path = Cryptogenics.app; sourceTree = BUILT_PRODUCTS_DIR; };
		CEC5A05E262A95700025C74B /* AppDelegate.swift */ = {isa = PBXFileReference; lastKnownFileType = sourcecode.swift; path = AppDelegate.swift; sourceTree = "<group>"; };
		CEC5A060262A95700025C74B /* SceneDelegate.swift */ = {isa = PBXFileReference; lastKnownFileType = sourcecode.swift; path = SceneDelegate.swift; sourceTree = "<group>"; };
		CEC5A062262A95700025C74B /* Colors.swift */ = {isa = PBXFileReference; lastKnownFileType = sourcecode.swift; path = Colors.swift; sourceTree = "<group>"; };
		CEC5A064262A95730025C74B /* Assets.xcassets */ = {isa = PBXFileReference; lastKnownFileType = folder.assetcatalog; path = Assets.xcassets; sourceTree = "<group>"; };
		CEC5A067262A95730025C74B /* Preview Assets.xcassets */ = {isa = PBXFileReference; lastKnownFileType = folder.assetcatalog; path = "Preview Assets.xcassets"; sourceTree = "<group>"; };
		CEC5A06A262A95730025C74B /* Base */ = {isa = PBXFileReference; lastKnownFileType = file.storyboard; name = Base; path = Base.lproj/LaunchScreen.storyboard; sourceTree = "<group>"; };
		CEC5A06C262A95730025C74B /* Info.plist */ = {isa = PBXFileReference; lastKnownFileType = text.plist.xml; path = Info.plist; sourceTree = "<group>"; };
		CED2A5C62643782B00000B3E /* XDismissButton.swift */ = {isa = PBXFileReference; lastKnownFileType = sourcecode.swift; path = XDismissButton.swift; sourceTree = "<group>"; };
		CED2A5C92643798900000B3E /* PopupTitle.swift */ = {isa = PBXFileReference; lastKnownFileType = sourcecode.swift; path = PopupTitle.swift; sourceTree = "<group>"; };
		CED2A5CC26437F3F00000B3E /* PopupSubmitButton.swift */ = {isa = PBXFileReference; lastKnownFileType = sourcecode.swift; path = PopupSubmitButton.swift; sourceTree = "<group>"; };
		CED2A5D02643838600000B3E /* AddPriceAlertView.swift */ = {isa = PBXFileReference; lastKnownFileType = sourcecode.swift; path = AddPriceAlertView.swift; sourceTree = "<group>"; };
		CED2A5D42643B3A600000B3E /* AddPriceAlertViewModel.swift */ = {isa = PBXFileReference; lastKnownFileType = sourcecode.swift; path = AddPriceAlertViewModel.swift; sourceTree = "<group>"; };
		CED2A5DA2643CE8E00000B3E /* AdaptsToKeyboard.swift */ = {isa = PBXFileReference; lastKnownFileType = sourcecode.swift; path = AdaptsToKeyboard.swift; sourceTree = "<group>"; };
		CED2A5DE2643D44D00000B3E /* AlertOptionsMenuView.swift */ = {isa = PBXFileReference; lastKnownFileType = sourcecode.swift; path = AlertOptionsMenuView.swift; sourceTree = "<group>"; };
		CED2A5E1264557CF00000B3E /* Delete.swift */ = {isa = PBXFileReference; lastKnownFileType = sourcecode.swift; path = Delete.swift; sourceTree = "<group>"; };
		CED2A5E926491F9400000B3E /* CoinRowMainContent.swift */ = {isa = PBXFileReference; lastKnownFileType = sourcecode.swift; path = CoinRowMainContent.swift; sourceTree = "<group>"; };
		CED2A5EE2649220900000B3E /* CoinRowSubContent.swift */ = {isa = PBXFileReference; lastKnownFileType = sourcecode.swift; path = CoinRowSubContent.swift; sourceTree = "<group>"; };
		CED2A5F12649737800000B3E /* SafariView.swift */ = {isa = PBXFileReference; lastKnownFileType = sourcecode.swift; path = SafariView.swift; sourceTree = "<group>"; };
		CED2A5FD264AA5EA00000B3E /* PriceAlertViewModel.swift */ = {isa = PBXFileReference; lastKnownFileType = sourcecode.swift; path = PriceAlertViewModel.swift; sourceTree = "<group>"; };
		CED2A600264B017100000B3E /* PriceAlertUserDefaultsStore.swift */ = {isa = PBXFileReference; lastKnownFileType = sourcecode.swift; path = PriceAlertUserDefaultsStore.swift; sourceTree = "<group>"; };
/* End PBXFileReference section */

/* Begin PBXFrameworksBuildPhase section */
		CEC5A058262A95700025C74B /* Frameworks */ = {
			isa = PBXFrameworksBuildPhase;
			buildActionMask = 2147483647;
			files = (
				CE773AE2263EDD5100F2DF42 /* FirebaseMessaging in Frameworks */,
				CE773AE0263EDD5100F2DF42 /* FirebaseFirestore in Frameworks */,
			);
			runOnlyForDeploymentPostprocessing = 0;
		};
/* End PBXFrameworksBuildPhase section */

/* Begin PBXGroup section */
		129CDEAAC5591617B927B55C /* Pods */ = {
			isa = PBXGroup;
			children = (
			);
			path = Pods;
			sourceTree = "<group>";
		};
		CE4E1CB1262AA6D700743F61 /* Watchlist */ = {
			isa = PBXGroup;
			children = (
				CE4E1CB2262AA71900743F61 /* Watchlist.swift */,
				CED2A5E826491F6F00000B3E /* CoinRow */,
				CE7028532636A2DF00E10784 /* CoinManager.swift */,
				CE7028572637E6FB00E10784 /* AddToken */,
				CEA416842632C7EB0095EB37 /* Coin.swift */,
				CEA416872632CE270095EB37 /* CoinViewModel.swift */,
			);
			path = Watchlist;
			sourceTree = "<group>";
		};
		CE70284C26367D8200E10784 /* SharedViews */ = {
			isa = PBXGroup;
			children = (
				CE7028432636504E00E10784 /* PullToRefresh.swift */,
				CE70284D26367D9100E10784 /* HUDProgressView.swift */,
				CE702850263683E800E10784 /* BlurView.swift */,
				CED2A5DA2643CE8E00000B3E /* AdaptsToKeyboard.swift */,
				CE702849263671EC00E10784 /* ItemAddedView.swift */,
				CED2A5C42643780700000B3E /* PopupView */,
			);
			path = SharedViews;
			sourceTree = "<group>";
		};
		CE7028572637E6FB00E10784 /* AddToken */ = {
			isa = PBXGroup;
			children = (
				CE0E6D0E2634B775004B9A59 /* AddTokenView.swift */,
			);
			path = AddToken;
			sourceTree = "<group>";
		};
		CE773AE426412D0500F2DF42 /* AddPriceAlert */ = {
			isa = PBXGroup;
			children = (
				CED2A5D02643838600000B3E /* AddPriceAlertView.swift */,
				CED2A5DE2643D44D00000B3E /* AlertOptionsMenuView.swift */,
				CED2A5D42643B3A600000B3E /* AddPriceAlertViewModel.swift */,
			);
			path = AddPriceAlert;
			sourceTree = "<group>";
		};
		CE8102EB263CF81C0012E991 /* Shared */ = {
			isa = PBXGroup;
			children = (
				CE8102E6263BD0C00012E991 /* GoogleService-Info.plist */,
				CEC5A05E262A95700025C74B /* AppDelegate.swift */,
				CEC5A060262A95700025C74B /* SceneDelegate.swift */,
				CEC5A062262A95700025C74B /* Colors.swift */,
				CE70284626365DD800E10784 /* UserDefaultsStore.swift */,
				CED2A5E1264557CF00000B3E /* Delete.swift */,
			);
			path = Shared;
			sourceTree = "<group>";
		};
		CE8102ED263CF8480012E991 /* PriceAlert */ = {
			isa = PBXGroup;
			children = (
				CE8102F1263CF8CE0012E991 /* PriceAlertView.swift */,
				CE8102EE263CF8690012E991 /* PriceAlertItem.swift */,
				CE773AE826412D5800F2DF42 /* PriceAlert.swift */,
				CE773AE426412D0500F2DF42 /* AddPriceAlert */,
				CE773AED2642A0D500F2DF42 /* AlertOption.swift */,
				CED2A600264B017100000B3E /* PriceAlertUserDefaultsStore.swift */,
				CED2A5FD264AA5EA00000B3E /* PriceAlertViewModel.swift */,
			);
			path = PriceAlert;
			sourceTree = "<group>";
		};
		CE8102F5263D001D0012E991 /* TabView */ = {
			isa = PBXGroup;
			children = (
				CE8102F6263D00670012E991 /* TabBarView.swift */,
			);
			path = TabView;
			sourceTree = "<group>";
		};
		CEC5A052262A95700025C74B = {
			isa = PBXGroup;
			children = (
				CEC5A05D262A95700025C74B /* Cryptogenics */,
				CEC5A05C262A95700025C74B /* Products */,
				129CDEAAC5591617B927B55C /* Pods */,
			);
			sourceTree = "<group>";
		};
		CEC5A05C262A95700025C74B /* Products */ = {
			isa = PBXGroup;
			children = (
				CEC5A05B262A95700025C74B /* Cryptogenics.app */,
			);
			name = Products;
			sourceTree = "<group>";
		};
		CEC5A05D262A95700025C74B /* Cryptogenics */ = {
			isa = PBXGroup;
			children = (
				CE8102D7263BCD340012E991 /* Cryptogenics.entitlements */,
				CE8102EB263CF81C0012E991 /* Shared */,
				CE70284C26367D8200E10784 /* SharedViews */,
				CE8102F5263D001D0012E991 /* TabView */,
				CE4E1CB1262AA6D700743F61 /* Watchlist */,
				CE8102ED263CF8480012E991 /* PriceAlert */,
				CEC5A069262A95730025C74B /* LaunchScreen.storyboard */,
				CEC5A064262A95730025C74B /* Assets.xcassets */,
				CEC5A06C262A95730025C74B /* Info.plist */,
				CEC5A066262A95730025C74B /* Preview Content */,
			);
			path = Cryptogenics;
			sourceTree = "<group>";
		};
		CEC5A066262A95730025C74B /* Preview Content */ = {
			isa = PBXGroup;
			children = (
				CEC5A067262A95730025C74B /* Preview Assets.xcassets */,
			);
			path = "Preview Content";
			sourceTree = "<group>";
		};
		CED2A5C42643780700000B3E /* PopupView */ = {
			isa = PBXGroup;
			children = (
				CE964452264304DA004F3F3B /* BackgroundDismissButton.swift */,
				CED2A5C62643782B00000B3E /* XDismissButton.swift */,
				CED2A5C92643798900000B3E /* PopupTitle.swift */,
				CED2A5CC26437F3F00000B3E /* PopupSubmitButton.swift */,
			);
			path = PopupView;
			sourceTree = "<group>";
		};
		CED2A5E826491F6F00000B3E /* CoinRow */ = {
			isa = PBXGroup;
			children = (
				CEA41680263298800095EB37 /* CoinRow.swift */,
				CED2A5E926491F9400000B3E /* CoinRowMainContent.swift */,
				CED2A5EE2649220900000B3E /* CoinRowSubContent.swift */,
				CED2A5F12649737800000B3E /* SafariView.swift */,
			);
			path = CoinRow;
			sourceTree = "<group>";
		};
/* End PBXGroup section */

/* Begin PBXNativeTarget section */
		CEC5A05A262A95700025C74B /* Cryptogenics */ = {
			isa = PBXNativeTarget;
			buildConfigurationList = CEC5A06F262A95730025C74B /* Build configuration list for PBXNativeTarget "Cryptogenics" */;
			buildPhases = (
				CEC5A057262A95700025C74B /* Sources */,
				CEC5A058262A95700025C74B /* Frameworks */,
				CEC5A059262A95700025C74B /* Resources */,
			);
			buildRules = (
			);
			dependencies = (
			);
			name = Cryptogenics;
			packageProductDependencies = (
				CE773ADF263EDD5100F2DF42 /* FirebaseFirestore */,
				CE773AE1263EDD5100F2DF42 /* FirebaseMessaging */,
			);
			productName = Cryptogenics;
			productReference = CEC5A05B262A95700025C74B /* Cryptogenics.app */;
			productType = "com.apple.product-type.application";
		};
/* End PBXNativeTarget section */

/* Begin PBXProject section */
		CEC5A053262A95700025C74B /* Project object */ = {
			isa = PBXProject;
			attributes = {
				LastSwiftUpdateCheck = 1240;
				LastUpgradeCheck = 1240;
				TargetAttributes = {
					CEC5A05A262A95700025C74B = {
						CreatedOnToolsVersion = 12.4;
					};
				};
			};
			buildConfigurationList = CEC5A056262A95700025C74B /* Build configuration list for PBXProject "Cryptogenics" */;
			compatibilityVersion = "Xcode 9.3";
			developmentRegion = en;
			hasScannedForEncodings = 0;
			knownRegions = (
				en,
				Base,
			);
			mainGroup = CEC5A052262A95700025C74B;
			packageReferences = (
				CE773ADE263EDD5100F2DF42 /* XCRemoteSwiftPackageReference "firebase-ios-sdk" */,
			);
			productRefGroup = CEC5A05C262A95700025C74B /* Products */;
			projectDirPath = "";
			projectRoot = "";
			targets = (
				CEC5A05A262A95700025C74B /* Cryptogenics */,
			);
		};
/* End PBXProject section */

/* Begin PBXResourcesBuildPhase section */
		CEC5A059262A95700025C74B /* Resources */ = {
			isa = PBXResourcesBuildPhase;
			buildActionMask = 2147483647;
			files = (
				CEC5A06B262A95730025C74B /* LaunchScreen.storyboard in Resources */,
				CEC5A068262A95730025C74B /* Preview Assets.xcassets in Resources */,
				CE8102E7263BD0C00012E991 /* GoogleService-Info.plist in Resources */,
				CEC5A065262A95730025C74B /* Assets.xcassets in Resources */,
			);
			runOnlyForDeploymentPostprocessing = 0;
		};
/* End PBXResourcesBuildPhase section */

/* Begin PBXSourcesBuildPhase section */
		CEC5A057262A95700025C74B /* Sources */ = {
			isa = PBXSourcesBuildPhase;
			buildActionMask = 2147483647;
			files = (
				CE773AE926412D5800F2DF42 /* PriceAlert.swift in Sources */,
				CE8102F7263D00670012E991 /* TabBarView.swift in Sources */,
				CED2A5EA26491F9400000B3E /* CoinRowMainContent.swift in Sources */,
				CE7028542636A2DF00E10784 /* CoinManager.swift in Sources */,
				CEA416852632C7EB0095EB37 /* Coin.swift in Sources */,
				CE773AEE2642A0D500F2DF42 /* AlertOption.swift in Sources */,
				CEA416882632CE270095EB37 /* CoinViewModel.swift in Sources */,
				CED2A5E2264557D000000B3E /* Delete.swift in Sources */,
				CE70284A263671EC00E10784 /* ItemAddedView.swift in Sources */,
				CED2A601264B017100000B3E /* PriceAlertUserDefaultsStore.swift in Sources */,
				CE0E6D0F2634B775004B9A59 /* AddTokenView.swift in Sources */,
				CED2A5C72643782B00000B3E /* XDismissButton.swift in Sources */,
				CED2A5FE264AA5EA00000B3E /* PriceAlertViewModel.swift in Sources */,
				CE8102F2263CF8CE0012E991 /* PriceAlertView.swift in Sources */,
				CEC5A05F262A95700025C74B /* AppDelegate.swift in Sources */,
				CE7028442636504E00E10784 /* PullToRefresh.swift in Sources */,
				CEA41681263298800095EB37 /* CoinRow.swift in Sources */,
				CED2A5CD26437F3F00000B3E /* PopupSubmitButton.swift in Sources */,
				CED2A5DB2643CE8E00000B3E /* AdaptsToKeyboard.swift in Sources */,
				CE70284726365DD800E10784 /* UserDefaultsStore.swift in Sources */,
				CED2A5D52643B3A600000B3E /* AddPriceAlertViewModel.swift in Sources */,
				CED2A5F22649737800000B3E /* SafariView.swift in Sources */,
				CE964453264304DA004F3F3B /* BackgroundDismissButton.swift in Sources */,
				CE4E1CB3262AA71900743F61 /* Watchlist.swift in Sources */,
				CE702851263683E800E10784 /* BlurView.swift in Sources */,
				CED2A5EF2649220900000B3E /* CoinRowSubContent.swift in Sources */,
				CE8102EF263CF8690012E991 /* PriceAlertItem.swift in Sources */,
				CED2A5DF2643D44D00000B3E /* AlertOptionsMenuView.swift in Sources */,
				CED2A5CA2643798900000B3E /* PopupTitle.swift in Sources */,
				CE70284E26367D9100E10784 /* HUDProgressView.swift in Sources */,
				CED2A5D12643838600000B3E /* AddPriceAlertView.swift in Sources */,
				CEC5A061262A95700025C74B /* SceneDelegate.swift in Sources */,
				CEC5A063262A95700025C74B /* Colors.swift in Sources */,
			);
			runOnlyForDeploymentPostprocessing = 0;
		};
/* End PBXSourcesBuildPhase section */

/* Begin PBXVariantGroup section */
		CEC5A069262A95730025C74B /* LaunchScreen.storyboard */ = {
			isa = PBXVariantGroup;
			children = (
				CEC5A06A262A95730025C74B /* Base */,
			);
			name = LaunchScreen.storyboard;
			sourceTree = "<group>";
		};
/* End PBXVariantGroup section */

/* Begin XCBuildConfiguration section */
		CEC5A06D262A95730025C74B /* Debug */ = {
			isa = XCBuildConfiguration;
			buildSettings = {
				ALWAYS_SEARCH_USER_PATHS = NO;
				CLANG_ANALYZER_NONNULL = YES;
				CLANG_ANALYZER_NUMBER_OBJECT_CONVERSION = YES_AGGRESSIVE;
				CLANG_CXX_LANGUAGE_STANDARD = "gnu++14";
				CLANG_CXX_LIBRARY = "libc++";
				CLANG_ENABLE_MODULES = YES;
				CLANG_ENABLE_OBJC_ARC = YES;
				CLANG_ENABLE_OBJC_WEAK = YES;
				CLANG_WARN_BLOCK_CAPTURE_AUTORELEASING = YES;
				CLANG_WARN_BOOL_CONVERSION = YES;
				CLANG_WARN_COMMA = YES;
				CLANG_WARN_CONSTANT_CONVERSION = YES;
				CLANG_WARN_DEPRECATED_OBJC_IMPLEMENTATIONS = YES;
				CLANG_WARN_DIRECT_OBJC_ISA_USAGE = YES_ERROR;
				CLANG_WARN_DOCUMENTATION_COMMENTS = YES;
				CLANG_WARN_EMPTY_BODY = YES;
				CLANG_WARN_ENUM_CONVERSION = YES;
				CLANG_WARN_INFINITE_RECURSION = YES;
				CLANG_WARN_INT_CONVERSION = YES;
				CLANG_WARN_NON_LITERAL_NULL_CONVERSION = YES;
				CLANG_WARN_OBJC_IMPLICIT_RETAIN_SELF = YES;
				CLANG_WARN_OBJC_LITERAL_CONVERSION = YES;
				CLANG_WARN_OBJC_ROOT_CLASS = YES_ERROR;
				CLANG_WARN_QUOTED_INCLUDE_IN_FRAMEWORK_HEADER = YES;
				CLANG_WARN_RANGE_LOOP_ANALYSIS = YES;
				CLANG_WARN_STRICT_PROTOTYPES = YES;
				CLANG_WARN_SUSPICIOUS_MOVE = YES;
				CLANG_WARN_UNGUARDED_AVAILABILITY = YES_AGGRESSIVE;
				CLANG_WARN_UNREACHABLE_CODE = YES;
				CLANG_WARN__DUPLICATE_METHOD_MATCH = YES;
				COPY_PHASE_STRIP = NO;
				DEBUG_INFORMATION_FORMAT = dwarf;
				ENABLE_STRICT_OBJC_MSGSEND = YES;
				ENABLE_TESTABILITY = YES;
				GCC_C_LANGUAGE_STANDARD = gnu11;
				GCC_DYNAMIC_NO_PIC = NO;
				GCC_NO_COMMON_BLOCKS = YES;
				GCC_OPTIMIZATION_LEVEL = 0;
				GCC_PREPROCESSOR_DEFINITIONS = (
					"DEBUG=1",
					"$(inherited)",
				);
				GCC_WARN_64_TO_32_BIT_CONVERSION = YES;
				GCC_WARN_ABOUT_RETURN_TYPE = YES_ERROR;
				GCC_WARN_UNDECLARED_SELECTOR = YES;
				GCC_WARN_UNINITIALIZED_AUTOS = YES_AGGRESSIVE;
				GCC_WARN_UNUSED_FUNCTION = YES;
				GCC_WARN_UNUSED_VARIABLE = YES;
				IPHONEOS_DEPLOYMENT_TARGET = 14.4;
				MTL_ENABLE_DEBUG_INFO = INCLUDE_SOURCE;
				MTL_FAST_MATH = YES;
				ONLY_ACTIVE_ARCH = YES;
				SDKROOT = iphoneos;
				SWIFT_ACTIVE_COMPILATION_CONDITIONS = DEBUG;
				SWIFT_OPTIMIZATION_LEVEL = "-Onone";
			};
			name = Debug;
		};
		CEC5A06E262A95730025C74B /* Release */ = {
			isa = XCBuildConfiguration;
			buildSettings = {
				ALWAYS_SEARCH_USER_PATHS = NO;
				CLANG_ANALYZER_NONNULL = YES;
				CLANG_ANALYZER_NUMBER_OBJECT_CONVERSION = YES_AGGRESSIVE;
				CLANG_CXX_LANGUAGE_STANDARD = "gnu++14";
				CLANG_CXX_LIBRARY = "libc++";
				CLANG_ENABLE_MODULES = YES;
				CLANG_ENABLE_OBJC_ARC = YES;
				CLANG_ENABLE_OBJC_WEAK = YES;
				CLANG_WARN_BLOCK_CAPTURE_AUTORELEASING = YES;
				CLANG_WARN_BOOL_CONVERSION = YES;
				CLANG_WARN_COMMA = YES;
				CLANG_WARN_CONSTANT_CONVERSION = YES;
				CLANG_WARN_DEPRECATED_OBJC_IMPLEMENTATIONS = YES;
				CLANG_WARN_DIRECT_OBJC_ISA_USAGE = YES_ERROR;
				CLANG_WARN_DOCUMENTATION_COMMENTS = YES;
				CLANG_WARN_EMPTY_BODY = YES;
				CLANG_WARN_ENUM_CONVERSION = YES;
				CLANG_WARN_INFINITE_RECURSION = YES;
				CLANG_WARN_INT_CONVERSION = YES;
				CLANG_WARN_NON_LITERAL_NULL_CONVERSION = YES;
				CLANG_WARN_OBJC_IMPLICIT_RETAIN_SELF = YES;
				CLANG_WARN_OBJC_LITERAL_CONVERSION = YES;
				CLANG_WARN_OBJC_ROOT_CLASS = YES_ERROR;
				CLANG_WARN_QUOTED_INCLUDE_IN_FRAMEWORK_HEADER = YES;
				CLANG_WARN_RANGE_LOOP_ANALYSIS = YES;
				CLANG_WARN_STRICT_PROTOTYPES = YES;
				CLANG_WARN_SUSPICIOUS_MOVE = YES;
				CLANG_WARN_UNGUARDED_AVAILABILITY = YES_AGGRESSIVE;
				CLANG_WARN_UNREACHABLE_CODE = YES;
				CLANG_WARN__DUPLICATE_METHOD_MATCH = YES;
				COPY_PHASE_STRIP = NO;
				DEBUG_INFORMATION_FORMAT = "dwarf-with-dsym";
				ENABLE_NS_ASSERTIONS = NO;
				ENABLE_STRICT_OBJC_MSGSEND = YES;
				GCC_C_LANGUAGE_STANDARD = gnu11;
				GCC_NO_COMMON_BLOCKS = YES;
				GCC_WARN_64_TO_32_BIT_CONVERSION = YES;
				GCC_WARN_ABOUT_RETURN_TYPE = YES_ERROR;
				GCC_WARN_UNDECLARED_SELECTOR = YES;
				GCC_WARN_UNINITIALIZED_AUTOS = YES_AGGRESSIVE;
				GCC_WARN_UNUSED_FUNCTION = YES;
				GCC_WARN_UNUSED_VARIABLE = YES;
				IPHONEOS_DEPLOYMENT_TARGET = 14.4;
				MTL_ENABLE_DEBUG_INFO = NO;
				MTL_FAST_MATH = YES;
				SDKROOT = iphoneos;
				SWIFT_COMPILATION_MODE = wholemodule;
				SWIFT_OPTIMIZATION_LEVEL = "-O";
				VALIDATE_PRODUCT = YES;
			};
			name = Release;
		};
		CEC5A070262A95730025C74B /* Debug */ = {
			isa = XCBuildConfiguration;
			buildSettings = {
				ASSETCATALOG_COMPILER_APPICON_NAME = AppIcon;
				ASSETCATALOG_COMPILER_GLOBAL_ACCENT_COLOR_NAME = AccentColor;
				CODE_SIGN_ENTITLEMENTS = Cryptogenics/Cryptogenics.entitlements;
				CODE_SIGN_STYLE = Automatic;
				CURRENT_PROJECT_VERSION = 3;
				DEVELOPMENT_ASSET_PATHS = "\"Cryptogenics/Preview Content\"";
				DEVELOPMENT_TEAM = P3344464PB;
				ENABLE_PREVIEWS = YES;
				INFOPLIST_FILE = Cryptogenics/Info.plist;
				IPHONEOS_DEPLOYMENT_TARGET = 14.1;
				LD_RUNPATH_SEARCH_PATHS = (
					"$(inherited)",
					"@executable_path/Frameworks",
				);
				MARKETING_VERSION = 1.2;
				PRODUCT_BUNDLE_IDENTIFIER = com.abdel.Cryptogenics;
				PRODUCT_NAME = "$(TARGET_NAME)";
				SWIFT_VERSION = 5.0;
				TARGETED_DEVICE_FAMILY = 1;
			};
			name = Debug;
		};
		CEC5A071262A95730025C74B /* Release */ = {
			isa = XCBuildConfiguration;
			buildSettings = {
				ASSETCATALOG_COMPILER_APPICON_NAME = AppIcon;
				ASSETCATALOG_COMPILER_GLOBAL_ACCENT_COLOR_NAME = AccentColor;
				CODE_SIGN_ENTITLEMENTS = Cryptogenics/Cryptogenics.entitlements;
				CODE_SIGN_STYLE = Automatic;
				CURRENT_PROJECT_VERSION = 3;
				DEVELOPMENT_ASSET_PATHS = "\"Cryptogenics/Preview Content\"";
				DEVELOPMENT_TEAM = P3344464PB;
				ENABLE_PREVIEWS = YES;
				INFOPLIST_FILE = Cryptogenics/Info.plist;
				IPHONEOS_DEPLOYMENT_TARGET = 14.1;
				LD_RUNPATH_SEARCH_PATHS = (
					"$(inherited)",
					"@executable_path/Frameworks",
				);
				MARKETING_VERSION = 1.2;
				PRODUCT_BUNDLE_IDENTIFIER = com.abdel.Cryptogenics;
				PRODUCT_NAME = "$(TARGET_NAME)";
				SWIFT_VERSION = 5.0;
				TARGETED_DEVICE_FAMILY = 1;
			};
			name = Release;
		};
/* End XCBuildConfiguration section */

/* Begin XCConfigurationList section */
		CEC5A056262A95700025C74B /* Build configuration list for PBXProject "Cryptogenics" */ = {
			isa = XCConfigurationList;
			buildConfigurations = (
				CEC5A06D262A95730025C74B /* Debug */,
				CEC5A06E262A95730025C74B /* Release */,
			);
			defaultConfigurationIsVisible = 0;
			defaultConfigurationName = Release;
		};
		CEC5A06F262A95730025C74B /* Build configuration list for PBXNativeTarget "Cryptogenics" */ = {
			isa = XCConfigurationList;
			buildConfigurations = (
				CEC5A070262A95730025C74B /* Debug */,
				CEC5A071262A95730025C74B /* Release */,
			);
			defaultConfigurationIsVisible = 0;
			defaultConfigurationName = Release;
		};
/* End XCConfigurationList section */

/* Begin XCRemoteSwiftPackageReference section */
		CE773ADE263EDD5100F2DF42 /* XCRemoteSwiftPackageReference "firebase-ios-sdk" */ = {
			isa = XCRemoteSwiftPackageReference;
			repositoryURL = "https://github.com/firebase/firebase-ios-sdk.git";
			requirement = {
				kind = upToNextMajorVersion;
				minimumVersion = 7.11.1;
			};
		};
/* End XCRemoteSwiftPackageReference section */

/* Begin XCSwiftPackageProductDependency section */
		CE773ADF263EDD5100F2DF42 /* FirebaseFirestore */ = {
			isa = XCSwiftPackageProductDependency;
			package = CE773ADE263EDD5100F2DF42 /* XCRemoteSwiftPackageReference "firebase-ios-sdk" */;
			productName = FirebaseFirestore;
		};
		CE773AE1263EDD5100F2DF42 /* FirebaseMessaging */ = {
			isa = XCSwiftPackageProductDependency;
			package = CE773ADE263EDD5100F2DF42 /* XCRemoteSwiftPackageReference "firebase-ios-sdk" */;
			productName = FirebaseMessaging;
		};
/* End XCSwiftPackageProductDependency section */
	};
	rootObject = CEC5A053262A95700025C74B /* Project object */;
}
